
Microsoft Visual Studio Solution File, Format Version 12.00
# Visual Studio 14
VisualStudioVersion = 14.0.25123.0
MinimumVisualStudioVersion = 10.0.40219.1
Project("{FAE04EC0-301F-11D3-BF4B-00C04F79EFBC}") = "Photosphere.DependencyInjection.xUnit", "Photosphere.DependencyInjection.xUnit\Photosphere.DependencyInjection.xUnit.csproj", "{DE975343-A7E0-49F6-84CF-5141B2F55EA2}"
EndProject
Project("{FAE04EC0-301F-11D3-BF4B-00C04F79EFBC}") = "Photosphere.DependencyInjection.xUnit.IntegrationTests", "Photosphere.DependencyInjection.xUnit.IntegrationTests\Photosphere.DependencyInjection.xUnit.IntegrationTests.csproj", "{611C9D68-68CE-490B-AB78-7C728EC2D849}"
EndProject
Global
	GlobalSection(SolutionConfigurationPlatforms) = preSolution
		Debug|Any CPU = Debug|Any CPU
		Release|Any CPU = Release|Any CPU
	EndGlobalSection
	GlobalSection(ProjectConfigurationPlatforms) = postSolution
		{DE975343-A7E0-49F6-84CF-5141B2F55EA2}.Debug|Any CPU.ActiveCfg = Debug|Any CPU
		{DE975343-A7E0-49F6-84CF-5141B2F55EA2}.Debug|Any CPU.Build.0 = Debug|Any CPU
		{DE975343-A7E0-49F6-84CF-5141B2F55EA2}.Release|Any CPU.ActiveCfg = Release|Any CPU
		{DE975343-A7E0-49F6-84CF-5141B2F55EA2}.Release|Any CPU.Build.0 = Release|Any CPU
		{611C9D68-68CE-490B-AB78-7C728EC2D849}.Debug|Any CPU.ActiveCfg = Debug|Any CPU
		{611C9D68-68CE-490B-AB78-7C728EC2D849}.Debug|Any CPU.Build.0 = Debug|Any CPU
		{611C9D68-68CE-490B-AB78-7C728EC2D849}.Release|Any CPU.ActiveCfg = Release|Any CPU
		{611C9D68-68CE-490B-AB78-7C728EC2D849}.Release|Any CPU.Build.0 = Release|Any CPU
	EndGlobalSection
	GlobalSection(SolutionProperties) = preSolution
		HideSolutionNode = FALSE
	EndGlobalSection
EndGlobal
